
Microsoft Visual Studio Solution File, Format Version 12.00
# Visual Studio Version 16
VisualStudioVersion = 16.0.29519.87
MinimumVisualStudioVersion = 10.0.40219.1
Project("{FAE04EC0-301F-11D3-BF4B-00C04F79EFBC}") = "WorkstationOfCaptainSkripnik", "WorkstationOfCaptainSkripnik\WorkstationOfCaptainSkripnik.csproj", "{E1F4ACF9-62CA-44B5-9B51-5EA67FB1B26D}"
EndProject
Global
	GlobalSection(SolutionConfigurationPlatforms) = preSolution
		Debug|Any CPU = Debug|Any CPU
		Release|Any CPU = Release|Any CPU
	EndGlobalSection
	GlobalSection(ProjectConfigurationPlatforms) = postSolution
		{E1F4ACF9-62CA-44B5-9B51-5EA67FB1B26D}.Debug|Any CPU.ActiveCfg = Debug|Any CPU
		{E1F4ACF9-62CA-44B5-9B51-5EA67FB1B26D}.Debug|Any CPU.Build.0 = Debug|Any CPU
		{E1F4ACF9-62CA-44B5-9B51-5EA67FB1B26D}.Release|Any CPU.ActiveCfg = Release|Any CPU
		{E1F4ACF9-62CA-44B5-9B51-5EA67FB1B26D}.Release|Any CPU.Build.0 = Release|Any CPU
	EndGlobalSection
	GlobalSection(SolutionProperties) = preSolution
		HideSolutionNode = FALSE
	EndGlobalSection
	GlobalSection(ExtensibilityGlobals) = postSolution
		SolutionGuid = {1641ED7F-670D-43BB-A92C-F016B35F6145}
	EndGlobalSection
EndGlobal
