
Microsoft Visual Studio Solution File, Format Version 12.00
# Visual Studio Version 16
VisualStudioVersion = 16.0.29519.87
MinimumVisualStudioVersion = 10.0.40219.1
Project("{FAE04EC0-301F-11D3-BF4B-00C04F79EFBC}") = "ArraySortSearchSkripnik", "ArraySortSearchSkripnik\ArraySortSearchSkripnik.csproj", "{65E27364-0A1B-486F-92F4-36429C8B02BE}"
EndProject
Global
	GlobalSection(SolutionConfigurationPlatforms) = preSolution
		Debug|Any CPU = Debug|Any CPU
		Release|Any CPU = Release|Any CPU
	EndGlobalSection
	GlobalSection(ProjectConfigurationPlatforms) = postSolution
		{65E27364-0A1B-486F-92F4-36429C8B02BE}.Debug|Any CPU.ActiveCfg = Debug|Any CPU
		{65E27364-0A1B-486F-92F4-36429C8B02BE}.Debug|Any CPU.Build.0 = Debug|Any CPU
		{65E27364-0A1B-486F-92F4-36429C8B02BE}.Release|Any CPU.ActiveCfg = Release|Any CPU
		{65E27364-0A1B-486F-92F4-36429C8B02BE}.Release|Any CPU.Build.0 = Release|Any CPU
	EndGlobalSection
	GlobalSection(SolutionProperties) = preSolution
		HideSolutionNode = FALSE
	EndGlobalSection
	GlobalSection(ExtensibilityGlobals) = postSolution
		SolutionGuid = {3C20527D-D869-429C-B20F-E13AB94D932F}
	EndGlobalSection
EndGlobal
