
Microsoft Visual Studio Solution File, Format Version 12.00
# Visual Studio Version 16
VisualStudioVersion = 16.0.29519.87
MinimumVisualStudioVersion = 10.0.40219.1
Project("{FAE04EC0-301F-11D3-BF4B-00C04F79EFBC}") = "hw06_18022021Skripnik", "hw06_18022021Skripnik\hw06_18022021Skripnik.csproj", "{5093F88F-9C70-48C9-97A8-ED0B616ED6C4}"
EndProject
Global
	GlobalSection(SolutionConfigurationPlatforms) = preSolution
		Debug|Any CPU = Debug|Any CPU
		Release|Any CPU = Release|Any CPU
	EndGlobalSection
	GlobalSection(ProjectConfigurationPlatforms) = postSolution
		{5093F88F-9C70-48C9-97A8-ED0B616ED6C4}.Debug|Any CPU.ActiveCfg = Debug|Any CPU
		{5093F88F-9C70-48C9-97A8-ED0B616ED6C4}.Debug|Any CPU.Build.0 = Debug|Any CPU
		{5093F88F-9C70-48C9-97A8-ED0B616ED6C4}.Release|Any CPU.ActiveCfg = Release|Any CPU
		{5093F88F-9C70-48C9-97A8-ED0B616ED6C4}.Release|Any CPU.Build.0 = Release|Any CPU
	EndGlobalSection
	GlobalSection(SolutionProperties) = preSolution
		HideSolutionNode = FALSE
	EndGlobalSection
	GlobalSection(ExtensibilityGlobals) = postSolution
		SolutionGuid = {A88FE51F-C80B-4E8C-B185-09746C4E92AC}
	EndGlobalSection
EndGlobal
